
Microsoft Visual Studio Solution File, Format Version 12.00
# Visual Studio Version 17
VisualStudioVersion = 17.0.31903.59
MinimumVisualStudioVersion = 10.0.40219.1
Project("{FAE04EC0-301F-11D3-BF4B-00C04F79EFBC}") = "AudioEffector", "AudioEffector\AudioEffector.csproj", "{BAB053F7-4061-4045-B859-7C23384831DD}"
EndProject
Project("{FAE04EC0-301F-11D3-BF4B-00C04F79EFBC}") = "AudioEffector.Tests", "AudioEffector.Tests\AudioEffector.Tests.csproj", "{C0426A49-0090-444C-99EF-C6184BA4BEB6}"
EndProject
Global
	GlobalSection(SolutionConfigurationPlatforms) = preSolution
		Debug|Any CPU = Debug|Any CPU
		Debug|x64 = Debug|x64
		Debug|x86 = Debug|x86
		Release|Any CPU = Release|Any CPU
		Release|x64 = Release|x64
		Release|x86 = Release|x86
	EndGlobalSection
	GlobalSection(ProjectConfigurationPlatforms) = postSolution
		{BAB053F7-4061-4045-B859-7C23384831DD}.Debug|Any CPU.ActiveCfg = Debug|Any CPU
		{BAB053F7-4061-4045-B859-7C23384831DD}.Debug|Any CPU.Build.0 = Debug|Any CPU
		{BAB053F7-4061-4045-B859-7C23384831DD}.Debug|x64.ActiveCfg = Debug|Any CPU
		{BAB053F7-4061-4045-B859-7C23384831DD}.Debug|x64.Build.0 = Debug|Any CPU
		{BAB053F7-4061-4045-B859-7C23384831DD}.Debug|x86.ActiveCfg = Debug|Any CPU
		{BAB053F7-4061-4045-B859-7C23384831DD}.Debug|x86.Build.0 = Debug|Any CPU
		{BAB053F7-4061-4045-B859-7C23384831DD}.Release|Any CPU.ActiveCfg = Release|Any CPU
		{BAB053F7-4061-4045-B859-7C23384831DD}.Release|Any CPU.Build.0 = Release|Any CPU
		{BAB053F7-4061-4045-B859-7C23384831DD}.Release|x64.ActiveCfg = Release|Any CPU
		{BAB053F7-4061-4045-B859-7C23384831DD}.Release|x64.Build.0 = Release|Any CPU
		{BAB053F7-4061-4045-B859-7C23384831DD}.Release|x86.ActiveCfg = Release|Any CPU
		{BAB053F7-4061-4045-B859-7C23384831DD}.Release|x86.Build.0 = Release|Any CPU
		{C0426A49-0090-444C-99EF-C6184BA4BEB6}.Debug|Any CPU.ActiveCfg = Debug|Any CPU
		{C0426A49-0090-444C-99EF-C6184BA4BEB6}.Debug|Any CPU.Build.0 = Debug|Any CPU
		{C0426A49-0090-444C-99EF-C6184BA4BEB6}.Debug|x64.ActiveCfg = Debug|Any CPU
		{C0426A49-0090-444C-99EF-C6184BA4BEB6}.Debug|x64.Build.0 = Debug|Any CPU
		{C0426A49-0090-444C-99EF-C6184BA4BEB6}.Debug|x86.ActiveCfg = Debug|Any CPU
		{C0426A49-0090-444C-99EF-C6184BA4BEB6}.Debug|x86.Build.0 = Debug|Any CPU
		{C0426A49-0090-444C-99EF-C6184BA4BEB6}.Release|Any CPU.ActiveCfg = Release|Any CPU
		{C0426A49-0090-444C-99EF-C6184BA4BEB6}.Release|Any CPU.Build.0 = Release|Any CPU
		{C0426A49-0090-444C-99EF-C6184BA4BEB6}.Release|x64.ActiveCfg = Release|Any CPU
		{C0426A49-0090-444C-99EF-C6184BA4BEB6}.Release|x64.Build.0 = Release|Any CPU
		{C0426A49-0090-444C-99EF-C6184BA4BEB6}.Release|x86.ActiveCfg = Release|Any CPU
		{C0426A49-0090-444C-99EF-C6184BA4BEB6}.Release|x86.Build.0 = Release|Any CPU
	EndGlobalSection
	GlobalSection(SolutionProperties) = preSolution
		HideSolutionNode = FALSE
	EndGlobalSection
EndGlobal
